
Microsoft Visual Studio Solution File, Format Version 10.00
# Visual Studio 2008
Project("{8BC9CEB8-8B4A-11D0-8D11-00A0C91BC942}") = "HIDBootLoader", "HIDBootLoader.vcproj", "{0C43250B-D6DF-4FDA-94D5-0F64058DB833}"
EndProject
Project("{54435603-DBB4-11D2-8724-00A0C9A8B90C}") = "BootloaderSetup", "..\BootloaderSetup\BootloaderSetup.vdproj", "{847DD94F-9763-41CD-9116-6F50B7923A0B}"
EndProject
Global
	GlobalSection(SolutionConfigurationPlatforms) = preSolution
		Debug|Win32 = Debug|Win32
		Release|Win32 = Release|Win32
	EndGlobalSection
	GlobalSection(ProjectConfigurationPlatforms) = postSolution
		{0C43250B-D6DF-4FDA-94D5-0F64058DB833}.Debug|Win32.ActiveCfg = Debug|Win32
		{0C43250B-D6DF-4FDA-94D5-0F64058DB833}.Debug|Win32.Build.0 = Debug|Win32
		{0C43250B-D6DF-4FDA-94D5-0F64058DB833}.Release|Win32.ActiveCfg = Release|Win32
		{0C43250B-D6DF-4FDA-94D5-0F64058DB833}.Release|Win32.Build.0 = Release|Win32
		{847DD94F-9763-41CD-9116-6F50B7923A0B}.Debug|Win32.ActiveCfg = Debug
		{847DD94F-9763-41CD-9116-6F50B7923A0B}.Release|Win32.ActiveCfg = Release
	EndGlobalSection
	GlobalSection(SolutionProperties) = preSolution
		HideSolutionNode = FALSE
	EndGlobalSection
EndGlobal
